
Microsoft Visual Studio Solution File, Format Version 12.00
# Visual Studio Version 16
VisualStudioVersion = 16.0.31911.196
MinimumVisualStudioVersion = 10.0.40219.1
Project("{FAE04EC0-301F-11D3-BF4B-00C04F79EFBC}") = "Gaming", "Gaming\Gaming.csproj", "{23E80BD5-DB1B-411E-A1F9-1F2C28759CCD}"
EndProject
Global
	GlobalSection(SolutionConfigurationPlatforms) = preSolution
		Debug|Any CPU = Debug|Any CPU
		Release|Any CPU = Release|Any CPU
	EndGlobalSection
	GlobalSection(ProjectConfigurationPlatforms) = postSolution
		{23E80BD5-DB1B-411E-A1F9-1F2C28759CCD}.Debug|Any CPU.ActiveCfg = Debug|Any CPU
		{23E80BD5-DB1B-411E-A1F9-1F2C28759CCD}.Debug|Any CPU.Build.0 = Debug|Any CPU
		{23E80BD5-DB1B-411E-A1F9-1F2C28759CCD}.Release|Any CPU.ActiveCfg = Release|Any CPU
		{23E80BD5-DB1B-411E-A1F9-1F2C28759CCD}.Release|Any CPU.Build.0 = Release|Any CPU
	EndGlobalSection
	GlobalSection(SolutionProperties) = preSolution
		HideSolutionNode = FALSE
	EndGlobalSection
	GlobalSection(ExtensibilityGlobals) = postSolution
		SolutionGuid = {045F44C2-61C5-4E5B-A922-0189F412686F}
	EndGlobalSection
EndGlobal
